
Microsoft Visual Studio Solution File, Format Version 12.00
# Visual Studio Version 16
VisualStudioVersion = 16.0.31624.102
MinimumVisualStudioVersion = 10.0.40219.1
Project("{FAE04EC0-301F-11D3-BF4B-00C04F79EFBC}") = "ProductsApp", "ProductsApp\ProductsApp.csproj", "{659D2D1A-D135-4E28-B22F-3F19737DDE53}"
EndProject
Project("{FAE04EC0-301F-11D3-BF4B-00C04F79EFBC}") = "StoreApp.Tests", "StoreApp.Tests\StoreApp.Tests.csproj", "{072CA5D0-A975-4229-B3BD-74F17A2BFF7C}"
EndProject
Global
	GlobalSection(SolutionConfigurationPlatforms) = preSolution
		Debug|Any CPU = Debug|Any CPU
		Release|Any CPU = Release|Any CPU
	EndGlobalSection
	GlobalSection(ProjectConfigurationPlatforms) = postSolution
		{659D2D1A-D135-4E28-B22F-3F19737DDE53}.Debug|Any CPU.ActiveCfg = Debug|Any CPU
		{659D2D1A-D135-4E28-B22F-3F19737DDE53}.Debug|Any CPU.Build.0 = Debug|Any CPU
		{659D2D1A-D135-4E28-B22F-3F19737DDE53}.Release|Any CPU.ActiveCfg = Release|Any CPU
		{659D2D1A-D135-4E28-B22F-3F19737DDE53}.Release|Any CPU.Build.0 = Release|Any CPU
		{072CA5D0-A975-4229-B3BD-74F17A2BFF7C}.Debug|Any CPU.ActiveCfg = Debug|Any CPU
		{072CA5D0-A975-4229-B3BD-74F17A2BFF7C}.Debug|Any CPU.Build.0 = Debug|Any CPU
		{072CA5D0-A975-4229-B3BD-74F17A2BFF7C}.Release|Any CPU.ActiveCfg = Release|Any CPU
		{072CA5D0-A975-4229-B3BD-74F17A2BFF7C}.Release|Any CPU.Build.0 = Release|Any CPU
	EndGlobalSection
	GlobalSection(SolutionProperties) = preSolution
		HideSolutionNode = FALSE
	EndGlobalSection
	GlobalSection(ExtensibilityGlobals) = postSolution
		SolutionGuid = {DC258C08-F6D1-4E56-8ECD-8C3F786CBC72}
	EndGlobalSection
EndGlobal
